{
  "version": "2",
  "remote": {
    "https://deno.land/std@0.149.0/_util/assert.ts": "e94f2eb37cebd7f199952e242c77654e43333c1ac4c5c700e929ea3aa5489f74",
    "https://deno.land/std@0.149.0/bytes/bytes_list.ts": "aba5e2369e77d426b10af1de0dcc4531acecec27f9b9056f4f7bfbf8ac147ab4",
    "https://deno.land/std@0.149.0/bytes/equals.ts": "3c3558c3ae85526f84510aa2b48ab2ad7bdd899e2e0f5b7a8ffc85acb3a6043a",
    "https://deno.land/std@0.149.0/bytes/mod.ts": "763f97d33051cc3f28af1a688dfe2830841192a9fea0cbaa55f927b49d49d0bf",
    "https://deno.land/std@0.149.0/fmt/colors.ts": "6f9340b7fb8cc25a993a99e5efc56fe81bb5af284ff412129dd06df06f53c0b4",
    "https://deno.land/std@0.149.0/io/buffer.ts": "bd0c4bf53db4b4be916ca5963e454bddfd3fcd45039041ea161dbf826817822b",
    "https://deno.land/std@0.149.0/streams/conversion.ts": "fc3db02026183da795fa32ac7549868e9f19c75ba029d4b4c3739af62b48517a",
    "https://deno.land/std@0.149.0/testing/_diff.ts": "029a00560b0d534bc0046f1bce4bd36b3b41ada3f2a3178c85686eb2ff5f1413",
    "https://deno.land/std@0.149.0/testing/_format.ts": "0d8dc79eab15b67cdc532826213bbe05bccfd276ca473a50a3fc7bbfb7260642",
    "https://deno.land/std@0.149.0/testing/asserts.ts": "0ee58a557ac764e762c62bb21f00e7d897e3919e71be38b2d574fb441d721005",
    "https://deno.land/x/copy_paste@v1.1.3/deps.ts": "89bfebe10979530b38b3be2ace3b24a7b83dbecb2a6cca7cd7b05b9a86fb1e61",
    "https://deno.land/x/copy_paste@v1.1.3/mod.ts": "3b82d6c620749acb86398bbec1f2c1f472cc39921c22ca7d7a98ab682b170f20"
  },
  "npm": {
    "specifiers": {
      "axios": "axios@1.4.0",
      "npm-api": "npm-api@1.0.1",
      "openai": "openai@4.0.1",
      "tunnel": "tunnel@0.0.6"
    },
    "packages": {
      "@types/node-fetch@2.6.4": {
        "integrity": "sha512-1ZX9fcN4Rvkvgv4E6PAY5WXUFWFcRWxZa3EW83UjycOB9ljJCedb2CupIP4RZMEwF/M3eTcCihbBRgwtGbg5Rg==",
        "dependencies": {
          "@types/node": "@types/node@18.17.7",
          "form-data": "form-data@3.0.1"
        }
      },
      "@types/node@18.17.7": {
        "integrity": "sha512-WJj/p/cIg6zUsxv1n2leZHpvn8hr9TYuLQxAZxZcK/7+5t5ukmJGelOLGOy3L1MLhAO/sapTJGd1V7kvoIuzUg==",
        "dependencies": {}
      },
      "JSONStream@1.3.5": {
        "integrity": "sha512-E+iruNOY8VV9s4JEbe1aNEm6MiszPRr/UfcHMz0TQh1BXSxHK+ASV1R6W4HpjBhSeS+54PIsAMCBmwD06LLsqQ==",
        "dependencies": {
          "jsonparse": "jsonparse@1.3.1",
          "through": "through@2.3.8"
        }
      },
      "abort-controller@3.0.0": {
        "integrity": "sha512-h8lQ8tacZYnR3vNQTgibj+tODHI5/+l06Au2Pcriv/Gmet0eaj4TwWH41sO9wnHDiQsEj19q0drzdWdeAHtweg==",
        "dependencies": {
          "event-target-shim": "event-target-shim@5.0.1"
        }
      },
      "agentkeepalive@4.5.0": {
        "integrity": "sha512-5GG/5IbQQpC9FpkRGsSvZI5QYeSCzlJHdpBQntCsuTOxhKD8lqKhrleg2Yi7yvMIf82Ycmmqln9U8V9qwEiJew==",
        "dependencies": {
          "humanize-ms": "humanize-ms@1.2.1"
        }
      },
      "asynckit@0.4.0": {
        "integrity": "sha512-Oei9OH4tRh0YqU3GxhX79dM/mwVgvbZJaSNaRk+bshkj0S5cfHcgYakreBjrHwatXKbz+IoIdYLxrKim2MjW0Q==",
        "dependencies": {}
      },
      "axios@0.21.4": {
        "integrity": "sha512-ut5vewkiu8jjGBdqpM44XxjuCjq9LAKeHVmoVfHVzy8eHgxxq8SbAVQNovDA8mVi05kP0Ea/n/UzcSHcTJQfNg==",
        "dependencies": {
          "follow-redirects": "follow-redirects@1.15.2"
        }
      },
      "axios@1.4.0": {
        "integrity": "sha512-S4XCWMEmzvo64T9GfvQDOXgYRDJ/wsSZc7Jvdgx5u1sd0JwsuPLqb3SYmusag+edF6ziyMensPVqLTSc1PiSEA==",
        "dependencies": {
          "follow-redirects": "follow-redirects@1.15.2",
          "form-data": "form-data@4.0.0",
          "proxy-from-env": "proxy-from-env@1.1.0"
        }
      },
      "base-64@0.1.0": {
        "integrity": "sha512-Y5gU45svrR5tI2Vt/X9GPd3L0HNIKzGu202EjxrXMpuc2V2CiKgemAbUUsqYmZJvPtCXoUKjNZwBJzsNScUbXA==",
        "dependencies": {}
      },
      "charenc@0.0.2": {
        "integrity": "sha512-yrLQ/yVUFXkzg7EDQsPieE/53+0RlaWTs+wBrvW36cyilJ2SaDWfl4Yj7MtLTXleV9uEKefbAGUPv2/iWSooRA==",
        "dependencies": {}
      },
      "clone-deep@4.0.1": {
        "integrity": "sha512-neHB9xuzh/wk0dIHweyAXv2aPGZIVk3pLMe+/RNzINf17fe0OG96QroktYAUm7SM1PBnzTabaLboqqxDyMU+SQ==",
        "dependencies": {
          "is-plain-object": "is-plain-object@2.0.4",
          "kind-of": "kind-of@6.0.3",
          "shallow-clone": "shallow-clone@3.0.1"
        }
      },
      "combined-stream@1.0.8": {
        "integrity": "sha512-FQN4MRfuJeHf7cBbBMJFXhKSDq+2kAArBlmRBvcvFE5BB1HZKXtSFASDhdlz9zOYwxh8lDdnvmMOe/+5cdoEdg==",
        "dependencies": {
          "delayed-stream": "delayed-stream@1.0.0"
        }
      },
      "crypt@0.0.2": {
        "integrity": "sha512-mCxBlsHFYh9C+HVpiEacem8FEBnMXgU9gy4zmNC+SXAZNB/1idgp/aulFJ4FgCi7GPEVbfyng092GqL2k2rmow==",
        "dependencies": {}
      },
      "delayed-stream@1.0.0": {
        "integrity": "sha512-ZySD7Nf91aLB0RxL4KGrKHBXl7Eds1DAmEdcoVawXnLD7SDhpNgtuII2aAkg7a7QS41jxPSZ17p4VdGnMHk3MQ==",
        "dependencies": {}
      },
      "digest-fetch@1.3.0": {
        "integrity": "sha512-CGJuv6iKNM7QyZlM2T3sPAdZWd/p9zQiRNS9G+9COUCwzWFTs0Xp8NF5iePx7wtvhDykReiRRrSeNb4oMmB8lA==",
        "dependencies": {
          "base-64": "base-64@0.1.0",
          "md5": "md5@2.3.0"
        }
      },
      "download-stats@0.3.4": {
        "integrity": "sha512-ic2BigbyUWx7/CBbsfGjf71zUNZB4edBGC3oRliSzsoNmvyVx3Ycfp1w3vp2Y78Ee0eIIkjIEO5KzW0zThDGaA==",
        "dependencies": {
          "JSONStream": "JSONStream@1.3.5",
          "lazy-cache": "lazy-cache@2.0.2",
          "moment": "moment@2.29.4"
        }
      },
      "event-target-shim@5.0.1": {
        "integrity": "sha512-i/2XbnSz/uxRCU6+NdVJgKWDTM427+MqYbkQzD321DuCQJUqOuJKIA0IM2+W2xtYHdKOmZ4dR6fExsd4SXL+WQ==",
        "dependencies": {}
      },
      "follow-redirects@1.15.2": {
        "integrity": "sha512-VQLG33o04KaQ8uYi2tVNbdrWp1QWxNNea+nmIB4EVM28v0hmP17z7aG1+wAkNzVq4KeXTq3221ye5qTJP91JwA==",
        "dependencies": {}
      },
      "form-data-encoder@1.7.2": {
        "integrity": "sha512-qfqtYan3rxrnCk1VYaA4H+Ms9xdpPqvLZa6xmMgFvhO32x7/3J/ExcTd6qpxM0vH2GdMI+poehyBZvqfMTto8A==",
        "dependencies": {}
      },
      "form-data@3.0.1": {
        "integrity": "sha512-RHkBKtLWUVwd7SqRIvCZMEvAMoGUp0XU+seQiZejj0COz3RI3hWP4sCv3gZWWLjJTd7rGwcsF5eKZGii0r/hbg==",
        "dependencies": {
          "asynckit": "asynckit@0.4.0",
          "combined-stream": "combined-stream@1.0.8",
          "mime-types": "mime-types@2.1.35"
        }
      },
      "form-data@4.0.0": {
        "integrity": "sha512-ETEklSGi5t0QMZuiXoA/Q6vcnxcLQP5vdugSpuAyi6SVGi2clPPp+xgEhuMaHC+zGgn31Kd235W35f7Hykkaww==",
        "dependencies": {
          "asynckit": "asynckit@0.4.0",
          "combined-stream": "combined-stream@1.0.8",
          "mime-types": "mime-types@2.1.35"
        }
      },
      "formdata-node@4.4.1": {
        "integrity": "sha512-0iirZp3uVDjVGt9p49aTaqjk84TrglENEDuqfdlZQ1roC9CWlPk6Avf8EEnZNcAqPonwkG35x4n3ww/1THYAeQ==",
        "dependencies": {
          "node-domexception": "node-domexception@1.0.0",
          "web-streams-polyfill": "web-streams-polyfill@4.0.0-beta.3"
        }
      },
      "humanize-ms@1.2.1": {
        "integrity": "sha512-Fl70vYtsAFb/C06PTS9dZBo7ihau+Tu/DNCk/OyHhea07S+aeMWpFFkUaXRa8fI+ScZbEI8dfSxwY7gxZ9SAVQ==",
        "dependencies": {
          "ms": "ms@2.1.3"
        }
      },
      "is-buffer@1.1.6": {
        "integrity": "sha512-NcdALwpXkTm5Zvvbk7owOUSvVvBKDgKP5/ewfXEznmQFfs4ZRmanOeKBTjRVjka3QFoN6XJ+9F3USqfHqTaU5w==",
        "dependencies": {}
      },
      "is-plain-object@2.0.4": {
        "integrity": "sha512-h5PpgXkWitc38BBMYawTYMWJHFZJVnBquFE57xFpjB8pJFiF6gZ+bU+WyI/yqXiFR5mdLsgYNaPe8uao6Uv9Og==",
        "dependencies": {
          "isobject": "isobject@3.0.1"
        }
      },
      "isobject@3.0.1": {
        "integrity": "sha512-WhB9zCku7EGTj/HQQRz5aUQEUeoQZH2bWcltRErOpymJ4boYE6wL9Tbr23krRPSZ+C5zqNSrSw+Cc7sZZ4b7vg==",
        "dependencies": {}
      },
      "jsonparse@1.3.1": {
        "integrity": "sha512-POQXvpdL69+CluYsillJ7SUhKvytYjW9vG/GKpnf+xP8UWgYEM/RaMzHHofbALDiKbbP1W8UEYmgGl39WkPZsg==",
        "dependencies": {}
      },
      "kind-of@3.2.2": {
        "integrity": "sha512-NOW9QQXMoZGg/oqnVNoNTTIFEIid1627WCffUBJEdMxYApq7mNE7CpzucIPc+ZQg25Phej7IJSmX3hO+oblOtQ==",
        "dependencies": {
          "is-buffer": "is-buffer@1.1.6"
        }
      },
      "kind-of@6.0.3": {
        "integrity": "sha512-dcS1ul+9tmeD95T+x28/ehLgd9mENa3LsvDTtzm3vyBEO7RPptvAD+t44WVXaUjTBRcrpFeFlC8WCruUR456hw==",
        "dependencies": {}
      },
      "lazy-cache@2.0.2": {
        "integrity": "sha512-7vp2Acd2+Kz4XkzxGxaB1FWOi8KjWIWsgdfD5MCb86DWvlLqhRPM+d6Pro3iNEL5VT9mstz5hKAlcd+QR6H3aA==",
        "dependencies": {
          "set-getter": "set-getter@0.1.1"
        }
      },
      "md5@2.3.0": {
        "integrity": "sha512-T1GITYmFaKuO91vxyoQMFETst+O71VUPEU3ze5GNzDm0OWdP8v1ziTaAEPUr/3kLsY3Sftgz242A1SetQiDL7g==",
        "dependencies": {
          "charenc": "charenc@0.0.2",
          "crypt": "crypt@0.0.2",
          "is-buffer": "is-buffer@1.1.6"
        }
      },
      "mime-db@1.52.0": {
        "integrity": "sha512-sPU4uV7dYlvtWJxwwxHD0PuihVNiE7TyAbQ5SWxDCB9mUYvOgroQOwYQQOKPJ8CIbE+1ETVlOoK1UC2nU3gYvg==",
        "dependencies": {}
      },
      "mime-types@2.1.35": {
        "integrity": "sha512-ZDY+bPm5zTTF+YpCrAU9nK0UgICYPT0QtT1NZWFv4s++TNkcgVaT0g6+4R2uI4MjQjzysHB1zxuWL50hzaeXiw==",
        "dependencies": {
          "mime-db": "mime-db@1.52.0"
        }
      },
      "moment@2.29.4": {
        "integrity": "sha512-5LC9SOxjSc2HF6vO2CyuTDNivEdoz2IvyJJGj6X8DJ0eFyfszE0QiEd+iXmBvUP3WHxSjFH/vIsA0EN00cgr8w==",
        "dependencies": {}
      },
      "ms@2.1.3": {
        "integrity": "sha512-6FlzubTLZG3J2a/NVCAleEhjzq5oxgHyaCU9yYXvcLsvoVaHJq/s5xXI6/XXP6tz7R9xAOtHnSO/tXtF3WRTlA==",
        "dependencies": {}
      },
      "node-domexception@1.0.0": {
        "integrity": "sha512-/jKZoMpw0F8GRwl4/eLROPA3cfcXtLApP0QzLmUT/HuPCZWyB7IY9ZrMeKw2O/nFIqPQB3PVM9aYm0F312AXDQ==",
        "dependencies": {}
      },
      "node-fetch@2.6.13": {
        "integrity": "sha512-StxNAxh15zr77QvvkmveSQ8uCQ4+v5FkvNTj0OESmiHu+VRi/gXArXtkWMElOsOUNLtUEvI4yS+rdtOHZTwlQA==",
        "dependencies": {
          "whatwg-url": "whatwg-url@5.0.0"
        }
      },
      "npm-api@1.0.1": {
        "integrity": "sha512-4sITrrzEbPcr0aNV28QyOmgn6C9yKiF8k92jn4buYAK8wmA5xo1qL3II5/gT1r7wxbXBflSduZ2K3FbtOrtGkA==",
        "dependencies": {
          "JSONStream": "JSONStream@1.3.5",
          "clone-deep": "clone-deep@4.0.1",
          "download-stats": "download-stats@0.3.4",
          "moment": "moment@2.29.4",
          "node-fetch": "node-fetch@2.6.13",
          "paged-request": "paged-request@2.0.2"
        }
      },
      "openai@4.0.1": {
        "integrity": "sha512-UanMv/kCD/ylgOdBrkkRgkoFXdfENrXYWNvYdvPttXZaEJmRVY9MZSknlkWYH7iPMX6tTcz6szbI2d3O04UFag==",
        "dependencies": {
          "@types/node": "@types/node@18.17.7",
          "@types/node-fetch": "@types/node-fetch@2.6.4",
          "abort-controller": "abort-controller@3.0.0",
          "agentkeepalive": "agentkeepalive@4.5.0",
          "digest-fetch": "digest-fetch@1.3.0",
          "form-data-encoder": "form-data-encoder@1.7.2",
          "formdata-node": "formdata-node@4.4.1",
          "node-fetch": "node-fetch@2.6.13"
        }
      },
      "paged-request@2.0.2": {
        "integrity": "sha512-NWrGqneZImDdcMU/7vMcAOo1bIi5h/pmpJqe7/jdsy85BA/s5MSaU/KlpxwW/IVPmIwBcq2uKPrBWWhEWhtxag==",
        "dependencies": {
          "axios": "axios@0.21.4"
        }
      },
      "proxy-from-env@1.1.0": {
        "integrity": "sha512-D+zkORCbA9f1tdWRK0RaCR3GPv50cMxcrz4X8k5LTSUD1Dkw47mKJEZQNunItRTkWwgtaUSo1RVFRIG9ZXiFYg==",
        "dependencies": {}
      },
      "set-getter@0.1.1": {
        "integrity": "sha512-9sVWOy+gthr+0G9DzqqLaYNA7+5OKkSmcqjL9cBpDEaZrr3ShQlyX2cZ/O/ozE41oxn/Tt0LGEM/w4Rub3A3gw==",
        "dependencies": {
          "to-object-path": "to-object-path@0.3.0"
        }
      },
      "shallow-clone@3.0.1": {
        "integrity": "sha512-/6KqX+GVUdqPuPPd2LxDDxzX6CAbjJehAAOKlNpqqUpAqPM6HeL8f+o3a+JsyGjn2lv0WY8UsTgUJjU9Ok55NA==",
        "dependencies": {
          "kind-of": "kind-of@6.0.3"
        }
      },
      "through@2.3.8": {
        "integrity": "sha512-w89qg7PI8wAdvX60bMDP+bFoD5Dvhm9oLheFp5O4a2QF0cSBGsBX4qZmadPMvVqlLJBBci+WqGGOAPvcDeNSVg==",
        "dependencies": {}
      },
      "to-object-path@0.3.0": {
        "integrity": "sha512-9mWHdnGRuh3onocaHzukyvCZhzvr6tiflAy/JRFXcJX0TjgfWA9pk9t8CMbzmBE4Jfw58pXbkngtBtqYxzNEyg==",
        "dependencies": {
          "kind-of": "kind-of@3.2.2"
        }
      },
      "tr46@0.0.3": {
        "integrity": "sha512-N3WMsuqV66lT30CrXNbEjx4GEwlow3v6rr4mCcv6prnfwhS01rkgyFdjPNBYd9br7LpXV1+Emh01fHnq2Gdgrw==",
        "dependencies": {}
      },
      "tunnel@0.0.6": {
        "integrity": "sha512-1h/Lnq9yajKY2PEbBadPXj3VxsDDu844OnaAo52UVmIzIvwwtBPIuNvkjuzBlTWpfJyUbG3ez0KSBibQkj4ojg==",
        "dependencies": {}
      },
      "web-streams-polyfill@4.0.0-beta.3": {
        "integrity": "sha512-QW95TCTaHmsYfHDybGMwO5IJIM93I/6vTRk+daHTWFPhwh+C8Cg7j7XyKrwrj8Ib6vYXe0ocYNrmzY4xAAN6ug==",
        "dependencies": {}
      },
      "webidl-conversions@3.0.1": {
        "integrity": "sha512-2JAn3z8AR6rjK8Sm8orRC0h/bcl/DqL7tRPdGZ4I1CjdF+EaMLmYxBHyXuKL849eucPFhvBoxMsflfOb8kxaeQ==",
        "dependencies": {}
      },
      "whatwg-url@5.0.0": {
        "integrity": "sha512-saE57nupxk6v3HY35+jzBwYa0rKSy0XR8JSxZPwgLr7ys0IBzhGviA1/TUGJLmSVqs8pb9AnvICXEuOHLprYTw==",
        "dependencies": {
          "tr46": "tr46@0.0.3",
          "webidl-conversions": "webidl-conversions@3.0.1"
        }
      }
    }
  }
}
